
Microsoft Visual Studio Solution File, Format Version 12.00
# Visual Studio Version 16
VisualStudioVersion = 16.0.30717.126
MinimumVisualStudioVersion = 10.0.40219.1
Project("{FAE04EC0-301F-11D3-BF4B-00C04F79EFBC}") = "BFLocator", "BFLocator\BFLocator.csproj", "{3E97C324-C72B-48A1-9F62-CFC0C8938A7E}"
EndProject
Global
	GlobalSection(SolutionConfigurationPlatforms) = preSolution
		Debug|Any CPU = Debug|Any CPU
		Release|Any CPU = Release|Any CPU
	EndGlobalSection
	GlobalSection(ProjectConfigurationPlatforms) = postSolution
		{3E97C324-C72B-48A1-9F62-CFC0C8938A7E}.Debug|Any CPU.ActiveCfg = Debug|Any CPU
		{3E97C324-C72B-48A1-9F62-CFC0C8938A7E}.Debug|Any CPU.Build.0 = Debug|Any CPU
		{3E97C324-C72B-48A1-9F62-CFC0C8938A7E}.Release|Any CPU.ActiveCfg = Release|Any CPU
		{3E97C324-C72B-48A1-9F62-CFC0C8938A7E}.Release|Any CPU.Build.0 = Release|Any CPU
	EndGlobalSection
	GlobalSection(SolutionProperties) = preSolution
		HideSolutionNode = FALSE
	EndGlobalSection
	GlobalSection(ExtensibilityGlobals) = postSolution
		SolutionGuid = {A68E30C2-32CD-42C6-A819-7E4A90BD5146}
	EndGlobalSection
EndGlobal
